{
  "name": "bashkit-pi-example",
  "version": "0.0.1",
  "lockfileVersion": 3,
  "requires": true,
  "packages": {
    "": {
      "name": "bashkit-pi-example",
      "version": "0.0.1",
      "dependencies": {
        "@everruns/bashkit": "file:../../crates/bashkit-js"
      }
    },
    "../../crates/bashkit-js": {
      "name": "@everruns/bashkit",
      "version": "0.1.9",
      "license": "MIT",
      "devDependencies": {
        "@napi-rs/cli": "^3.0.0",
        "@types/node": "^25.5.0",
        "ava": "^6.2.0",
        "oxlint": "^0.16.0",
        "prettier": "^3.4.0",
        "tsx": "^4.21.0",
        "typescript": "^5.7.0"
      },
      "engines": {
        "node": ">= 18"
      }
    },
    "node_modules/@everruns/bashkit": {
      "resolved": "../../crates/bashkit-js",
      "link": true
    }
  }
}
